
Microsoft Visual Studio Solution File, Format Version 12.00
# Visual Studio Version 16
VisualStudioVersion = 25.0.1700.0
MinimumVisualStudioVersion = 10.0.40219.1
Project("{FAE04EC0-301F-11D3-BF4B-00C04F79EFBC}") = "Tests", "Tests.csproj", "{0C764B27-988A-4B96-8DD4-CF8302BB7DA0}"
EndProject
Global
	GlobalSection(SolutionConfigurationPlatforms) = preSolution
		Debug|Any CPU = Debug|Any CPU
		Release|Any CPU = Release|Any CPU
	EndGlobalSection
	GlobalSection(ProjectConfigurationPlatforms) = postSolution
		{0C764B27-988A-4B96-8DD4-CF8302BB7DA0}.Debug|Any CPU.ActiveCfg = Debug|Any CPU
		{0C764B27-988A-4B96-8DD4-CF8302BB7DA0}.Debug|Any CPU.Build.0 = Debug|Any CPU
		{0C764B27-988A-4B96-8DD4-CF8302BB7DA0}.Release|Any CPU.ActiveCfg = Release|Any CPU
		{0C764B27-988A-4B96-8DD4-CF8302BB7DA0}.Release|Any CPU.Build.0 = Release|Any CPU
	EndGlobalSection
	GlobalSection(SolutionProperties) = preSolution
		HideSolutionNode = FALSE
	EndGlobalSection
	GlobalSection(ExtensibilityGlobals) = postSolution
		SolutionGuid = {17E514D6-6E84-4738-A247-7A19C0CA787A}
	EndGlobalSection
EndGlobal
